
Microsoft Visual Studio Solution File, Format Version 12.00
# Visual Studio Version 16
VisualStudioVersion = 16.0.29409.12
MinimumVisualStudioVersion = 10.0.40219.1
Project("{2150E333-8FDC-42A3-9474-1A3956D46DE8}") = "src", "src", "{88C738CC-6EE9-4405-AD29-5288AEB50F3D}"
EndProject
Project("{2150E333-8FDC-42A3-9474-1A3956D46DE8}") = "sample", "sample", "{B938768B-24F1-4A2C-9A18-EAE0E0584E8D}"
EndProject
Project("{2150E333-8FDC-42A3-9474-1A3956D46DE8}") = "Solution Items", "Solution Items", "{A97F6C32-94E8-4B4A-A983-D9067F7A1F98}"
	ProjectSection(SolutionItems) = preProject
		ReadMe.md = ReadMe.md
	EndProjectSection
EndProject
Project("{9A19103F-16F7-4668-BE54-9A1E7A4F7556}") = "Liyanjie.AspNetCore.Contents.Core", "src\Liyanjie.AspNetCore.Contents.Core\Liyanjie.AspNetCore.Contents.Core.csproj", "{03B62740-865E-47C6-9193-501FDAAE85A3}"
EndProject
Project("{9A19103F-16F7-4668-BE54-9A1E7A4F7556}") = "Liyanjie.AspNetCore.Contents.Upload", "src\Liyanjie.AspNetCore.Contents.Upload\Liyanjie.AspNetCore.Contents.Upload.csproj", "{6A9C8358-9839-4B3C-88A0-AA22F6C4BE0C}"
EndProject
Project("{9A19103F-16F7-4668-BE54-9A1E7A4F7556}") = "Liyanjie.AspNetCore.Contents.Image", "src\Liyanjie.AspNetCore.Contents.Image\Liyanjie.AspNetCore.Contents.Image.csproj", "{ED0E5008-6673-41AF-AD2A-1D3CC6659E3A}"
EndProject
Project("{FAE04EC0-301F-11D3-BF4B-00C04F79EFBC}") = "Liyanjie.AspNetCore.Contents.Sample", "sample\Liyanjie.AspNetCore.Contents.Sample\Liyanjie.AspNetCore.Contents.Sample.csproj", "{FB858698-4EE2-4CA4-9578-26B9BFC3DBAA}"
EndProject
Global
	GlobalSection(SolutionConfigurationPlatforms) = preSolution
		Debug|Any CPU = Debug|Any CPU
		Release|Any CPU = Release|Any CPU
	EndGlobalSection
	GlobalSection(ProjectConfigurationPlatforms) = postSolution
		{03B62740-865E-47C6-9193-501FDAAE85A3}.Debug|Any CPU.ActiveCfg = Debug|Any CPU
		{03B62740-865E-47C6-9193-501FDAAE85A3}.Debug|Any CPU.Build.0 = Debug|Any CPU
		{03B62740-865E-47C6-9193-501FDAAE85A3}.Release|Any CPU.ActiveCfg = Release|Any CPU
		{03B62740-865E-47C6-9193-501FDAAE85A3}.Release|Any CPU.Build.0 = Release|Any CPU
		{6A9C8358-9839-4B3C-88A0-AA22F6C4BE0C}.Debug|Any CPU.ActiveCfg = Debug|Any CPU
		{6A9C8358-9839-4B3C-88A0-AA22F6C4BE0C}.Debug|Any CPU.Build.0 = Debug|Any CPU
		{6A9C8358-9839-4B3C-88A0-AA22F6C4BE0C}.Release|Any CPU.ActiveCfg = Release|Any CPU
		{6A9C8358-9839-4B3C-88A0-AA22F6C4BE0C}.Release|Any CPU.Build.0 = Release|Any CPU
		{ED0E5008-6673-41AF-AD2A-1D3CC6659E3A}.Debug|Any CPU.ActiveCfg = Debug|Any CPU
		{ED0E5008-6673-41AF-AD2A-1D3CC6659E3A}.Debug|Any CPU.Build.0 = Debug|Any CPU
		{ED0E5008-6673-41AF-AD2A-1D3CC6659E3A}.Release|Any CPU.ActiveCfg = Release|Any CPU
		{ED0E5008-6673-41AF-AD2A-1D3CC6659E3A}.Release|Any CPU.Build.0 = Release|Any CPU
		{FB858698-4EE2-4CA4-9578-26B9BFC3DBAA}.Debug|Any CPU.ActiveCfg = Debug|Any CPU
		{FB858698-4EE2-4CA4-9578-26B9BFC3DBAA}.Debug|Any CPU.Build.0 = Debug|Any CPU
		{FB858698-4EE2-4CA4-9578-26B9BFC3DBAA}.Release|Any CPU.ActiveCfg = Release|Any CPU
		{FB858698-4EE2-4CA4-9578-26B9BFC3DBAA}.Release|Any CPU.Build.0 = Release|Any CPU
	EndGlobalSection
	GlobalSection(SolutionProperties) = preSolution
		HideSolutionNode = FALSE
	EndGlobalSection
	GlobalSection(NestedProjects) = preSolution
		{03B62740-865E-47C6-9193-501FDAAE85A3} = {88C738CC-6EE9-4405-AD29-5288AEB50F3D}
		{6A9C8358-9839-4B3C-88A0-AA22F6C4BE0C} = {88C738CC-6EE9-4405-AD29-5288AEB50F3D}
		{ED0E5008-6673-41AF-AD2A-1D3CC6659E3A} = {88C738CC-6EE9-4405-AD29-5288AEB50F3D}
		{FB858698-4EE2-4CA4-9578-26B9BFC3DBAA} = {B938768B-24F1-4A2C-9A18-EAE0E0584E8D}
	EndGlobalSection
	GlobalSection(ExtensibilityGlobals) = postSolution
		SolutionGuid = {390CDAB2-13FE-4A94-A33C-9F319A3E6B22}
	EndGlobalSection
EndGlobal
